{
  "version": 4,
  "terraform_version": "0.13.5",
  "serial": 5,
  "lineage": "5dee67de-af96-1f58-a514-5ba76bb389ba",
  "outputs": {
    "FortiGate-InstanceName": {
      "value": "bm-fgt-cmek",
      "type": "string"
    },
    "FortiGate-NATIP": {
      "value": "35.187.21.218",
      "type": "string"
    },
    "FortiGate-Password": {
      "value": "7762725182469032454",
      "type": "string"
    },
    "FortiGate-Username": {
      "value": "admin",
      "type": "string"
    }
  },
  "resources": [
    {
      "mode": "managed",
      "type": "google_compute_disk",
      "name": "logdisk",
      "provider": "provider[\"registry.terraform.io/hashicorp/google\"]",
      "instances": [
        {
          "schema_version": 0,
          "attributes": {
            "creation_timestamp": "2021-05-20T07:40:28.079-07:00",
            "description": "",
            "disk_encryption_key": [
              {
                "kms_key_self_link": "projects/security-demo-40net/locations/global/keyRings/bm-kr-global/cryptoKeys/bm-dummy-key1",
                "kms_key_service_account": "",
                "raw_key": "",
                "sha256": ""
              }
            ],
            "id": "projects/se-projects-242100/zones/europe-west1-c/disks/bm-fgt-cmek-logdisk",
            "image": "",
            "label_fingerprint": "42WmSpB8rSM=",
            "labels": null,
            "last_attach_timestamp": "",
            "last_detach_timestamp": "",
            "name": "bm-fgt-cmek-logdisk",
            "physical_block_size_bytes": 4096,
            "project": "se-projects-242100",
            "self_link": "https://www.googleapis.com/compute/v1/projects/se-projects-242100/zones/europe-west1-c/disks/bm-fgt-cmek-logdisk",
            "size": 30,
            "snapshot": "",
            "source_image_encryption_key": [],
            "source_image_id": "",
            "source_snapshot_encryption_key": [],
            "source_snapshot_id": "",
            "timeouts": null,
            "type": "pd-standard",
            "users": [],
            "zone": "europe-west1-c"
          },
          "private": "eyJlMmJmYjczMC1lY2FhLTExZTYtOGY4OC0zNDM2M2JjN2M0YzAiOnsiY3JlYXRlIjozMDAwMDAwMDAwMDAsImRlbGV0ZSI6MjQwMDAwMDAwMDAwLCJ1cGRhdGUiOjI0MDAwMDAwMDAwMH19"
        }
      ]
    },
    {
      "mode": "managed",
      "type": "google_compute_instance",
      "name": "fortigate",
      "provider": "provider[\"registry.terraform.io/hashicorp/google\"]",
      "instances": [
        {
          "schema_version": 6,
          "attributes": {
            "allow_stopping_for_update": null,
            "attached_disk": [
              {
                "device_name": "persistent-disk-1",
                "disk_encryption_key_raw": "",
                "disk_encryption_key_sha256": "",
                "kms_key_self_link": "projects/security-demo-40net/locations/global/keyRings/bm-kr-global/cryptoKeys/bm-dummy-key1",
                "mode": "READ_WRITE",
                "source": "https://www.googleapis.com/compute/v1/projects/se-projects-242100/zones/europe-west1-c/disks/bm-fgt-cmek-logdisk"
              }
            ],
            "boot_disk": [
              {
                "auto_delete": true,
                "device_name": "persistent-disk-0",
                "disk_encryption_key_raw": "",
                "disk_encryption_key_sha256": "",
                "initialize_params": [
                  {
                    "image": "https://www.googleapis.com/compute/v1/projects/fortigcp-project-001/global/images/fortinet-fgt-645-20210302-001-w-license",
                    "labels": {},
                    "size": 10,
                    "type": "pd-standard"
                  }
                ],
                "kms_key_self_link": "projects/security-demo-40net/locations/global/keyRings/bm-kr-global/cryptoKeys/bm-dummy-key1",
                "mode": "READ_WRITE",
                "source": "https://www.googleapis.com/compute/v1/projects/se-projects-242100/zones/europe-west1-c/disks/bm-fgt-cmek"
              }
            ],
            "can_ip_forward": true,
            "confidential_instance_config": [],
            "cpu_platform": "Intel Haswell",
            "current_status": "RUNNING",
            "deletion_protection": false,
            "description": "",
            "desired_status": null,
            "enable_display": false,
            "guest_accelerator": [],
            "hostname": "",
            "id": "projects/se-projects-242100/zones/europe-west1-c/instances/bm-fgt-cmek",
            "instance_id": "7762725182469032454",
            "label_fingerprint": "42WmSpB8rSM=",
            "labels": null,
            "machine_type": "n1-standard-1",
            "metadata": null,
            "metadata_fingerprint": "53V5XizG2GQ=",
            "metadata_startup_script": "",
            "min_cpu_platform": "",
            "name": "bm-fgt-cmek",
            "network_interface": [
              {
                "access_config": [
                  {
                    "nat_ip": "35.187.21.218",
                    "network_tier": "PREMIUM",
                    "public_ptr_domain_name": ""
                  }
                ],
                "alias_ip_range": [],
                "name": "nic0",
                "network": "https://www.googleapis.com/compute/v1/projects/se-projects-242100/global/networks/default",
                "network_ip": "10.132.0.22",
                "nic_type": "",
                "subnetwork": "https://www.googleapis.com/compute/v1/projects/se-projects-242100/regions/europe-west1/subnetworks/default",
                "subnetwork_project": "se-projects-242100"
              }
            ],
            "project": "se-projects-242100",
            "resource_policies": null,
            "scheduling": [
              {
                "automatic_restart": true,
                "min_node_cpus": 0,
                "node_affinities": [],
                "on_host_maintenance": "MIGRATE",
                "preemptible": false
              }
            ],
            "scratch_disk": [],
            "self_link": "https://www.googleapis.com/compute/v1/projects/se-projects-242100/zones/europe-west1-c/instances/bm-fgt-cmek",
            "service_account": [
              {
                "email": "611870468288-compute@developer.gserviceaccount.com",
                "scopes": [
                  "https://www.googleapis.com/auth/compute.readonly",
                  "https://www.googleapis.com/auth/devstorage.read_only",
                  "https://www.googleapis.com/auth/userinfo.email"
                ]
              }
            ],
            "shielded_instance_config": [],
            "tags": [
              "fgt"
            ],
            "tags_fingerprint": "xTla7NhEPGA=",
            "timeouts": null,
            "zone": "europe-west1-c"
          },
          "private": "eyJlMmJmYjczMC1lY2FhLTExZTYtOGY4OC0zNDM2M2JjN2M0YzAiOnsiY3JlYXRlIjoxMjAwMDAwMDAwMDAwLCJkZWxldGUiOjEyMDAwMDAwMDAwMDAsInVwZGF0ZSI6MTIwMDAwMDAwMDAwMH0sInNjaGVtYV92ZXJzaW9uIjoiNiJ9",
          "dependencies": [
            "google_compute_disk.logdisk"
          ]
        }
      ]
    }
  ]
}
